// !$*UTF8*$!
{
	archiveVersion = 1;
	classes = {
	};
	objectVersion = 46;
	objects = {

/* Begin PBXBuildFile section */
		49FF19131969E55F00726484 /* Foundation.framework in Frameworks */ = {isa = PBXBuildFile; fileRef = 49FF19121969E55F00726484 /* Foundation.framework */; };
		49FF19151969E55F00726484 /* CoreGraphics.framework in Frameworks */ = {isa = PBXBuildFile; fileRef = 49FF19141969E55F00726484 /* CoreGraphics.framework */; };
		49FF19171969E55F00726484 /* UIKit.framework in Frameworks */ = {isa = PBXBuildFile; fileRef = 49FF19161969E55F00726484 /* UIKit.framework */; };
		49FF191D1969E55F00726484 /* InfoPlist.strings in Resources */ = {isa = PBXBuildFile; fileRef = 49FF191B1969E55F00726484 /* InfoPlist.strings */; };
		49FF191F1969E55F00726484 /* main.m in Sources */ = {isa = PBXBuildFile; fileRef = 49FF191E1969E55F00726484 /* main.m */; };
		49FF19231969E55F00726484 /* AppDelegate.m in Sources */ = {isa = PBXBuildFile; fileRef = 49FF19221969E55F00726484 /* AppDelegate.m */; };
		49FF19251969E55F00726484 /* Images.xcassets in Resources */ = {isa = PBXBuildFile; fileRef = 49FF19241969E55F00726484 /* Images.xcassets */; };
		49FF192C1969E55F00726484 /* XCTest.framework in Frameworks */ = {isa = PBXBuildFile; fileRef = 49FF192B1969E55F00726484 /* XCTest.framework */; };
		49FF192D1969E55F00726484 /* Foundation.framework in Frameworks */ = {isa = PBXBuildFile; fileRef = 49FF19121969E55F00726484 /* Foundation.framework */; };
		49FF192E1969E55F00726484 /* UIKit.framework in Frameworks */ = {isa = PBXBuildFile; fileRef = 49FF19161969E55F00726484 /* UIKit.framework */; };
		49FF19361969E55F00726484 /* InfoPlist.strings in Resources */ = {isa = PBXBuildFile; fileRef = 49FF19341969E55F00726484 /* InfoPlist.strings */; };
		49FF19381969E55F00726484 /* HauTests.m in Sources */ = {isa = PBXBuildFile; fileRef = 49FF19371969E55F00726484 /* HauTests.m */; };
		49FF19471969E5DF00726484 /* APIController.m in Sources */ = {isa = PBXBuildFile; fileRef = 49FF19461969E5DF00726484 /* APIController.m */; };
		49FF194B1969E71300726484 /* RootVC.m in Sources */ = {isa = PBXBuildFile; fileRef = 49FF19491969E71300726484 /* RootVC.m */; };
		49FF194C1969E71300726484 /* RootVC.xib in Resources */ = {isa = PBXBuildFile; fileRef = 49FF194A1969E71300726484 /* RootVC.xib */; };
		49FF19501969E90900726484 /* hau-logo.png in Resources */ = {isa = PBXBuildFile; fileRef = 49FF194F1969E90900726484 /* hau-logo.png */; };
		49FF19531969E9F100726484 /* ArchiveC.m in Sources */ = {isa = PBXBuildFile; fileRef = 49FF19521969E9F100726484 /* ArchiveC.m */; };
		49FF19571969EA0F00726484 /* EGOCache.m in Sources */ = {isa = PBXBuildFile; fileRef = 49FF19561969EA0F00726484 /* EGOCache.m */; };
		49FF19681969EC2E00726484 /* TFHpple.m in Sources */ = {isa = PBXBuildFile; fileRef = 49FF19631969EC2E00726484 /* TFHpple.m */; };
		49FF19691969EC2E00726484 /* TFHppleElement.m in Sources */ = {isa = PBXBuildFile; fileRef = 49FF19651969EC2E00726484 /* TFHppleElement.m */; };
		49FF196A1969EC2E00726484 /* XPathQuery.m in Sources */ = {isa = PBXBuildFile; fileRef = 49FF19671969EC2E00726484 /* XPathQuery.m */; };
		49FF196C1969ED2300726484 /* libxml2.dylib in Frameworks */ = {isa = PBXBuildFile; fileRef = 49FF196B1969ED2300726484 /* libxml2.dylib */; };
		49FF196F1969F1DD00726484 /* JournalVolume.m in Sources */ = {isa = PBXBuildFile; fileRef = 49FF196E1969F1DD00726484 /* JournalVolume.m */; };
		49FF19721969F98A00726484 /* VolumeIssue.m in Sources */ = {isa = PBXBuildFile; fileRef = 49FF19711969F98A00726484 /* VolumeIssue.m */; };
		49FF19751969FE7500726484 /* JSONBackedModel.m in Sources */ = {isa = PBXBuildFile; fileRef = 49FF19741969FE7500726484 /* JSONBackedModel.m */; };
		49FF1979196A048300726484 /* IssueTableOfContentsVC.m in Sources */ = {isa = PBXBuildFile; fileRef = 49FF1977196A048300726484 /* IssueTableOfContentsVC.m */; };
		49FF197A196A048300726484 /* IssueTableOfContentsVC.xib in Resources */ = {isa = PBXBuildFile; fileRef = 49FF1978196A048300726484 /* IssueTableOfContentsVC.xib */; };
		49FF197E196A059F00726484 /* IssuesListVC.m in Sources */ = {isa = PBXBuildFile; fileRef = 49FF197C196A059F00726484 /* IssuesListVC.m */; };
		49FF197F196A059F00726484 /* IssuesListVC.xib in Resources */ = {isa = PBXBuildFile; fileRef = 49FF197D196A059F00726484 /* IssuesListVC.xib */; };
/* End PBXBuildFile section */

/* Begin PBXContainerItemProxy section */
		49FF192F1969E55F00726484 /* PBXContainerItemProxy */ = {
			isa = PBXContainerItemProxy;
			containerPortal = 49FF19071969E55F00726484 /* Project object */;
			proxyType = 1;
			remoteGlobalIDString = 49FF190E1969E55F00726484;
			remoteInfo = Hau;
		};
/* End PBXContainerItemProxy section */

/* Begin PBXFileReference section */
		49FF190F1969E55F00726484 /* Hau.app */ = {isa = PBXFileReference; explicitFileType = wrapper.application; includeInIndex = 0; path = Hau.app; sourceTree = BUILT_PRODUCTS_DIR; };
		49FF19121969E55F00726484 /* Foundation.framework */ = {isa = PBXFileReference; lastKnownFileType = wrapper.framework; name = Foundation.framework; path = System/Library/Frameworks/Foundation.framework; sourceTree = SDKROOT; };
		49FF19141969E55F00726484 /* CoreGraphics.framework */ = {isa = PBXFileReference; lastKnownFileType = wrapper.framework; name = CoreGraphics.framework; path = System/Library/Frameworks/CoreGraphics.framework; sourceTree = SDKROOT; };
		49FF19161969E55F00726484 /* UIKit.framework */ = {isa = PBXFileReference; lastKnownFileType = wrapper.framework; name = UIKit.framework; path = System/Library/Frameworks/UIKit.framework; sourceTree = SDKROOT; };
		49FF191A1969E55F00726484 /* Hau-Info.plist */ = {isa = PBXFileReference; lastKnownFileType = text.plist.xml; path = "Hau-Info.plist"; sourceTree = "<group>"; };
		49FF191C1969E55F00726484 /* en */ = {isa = PBXFileReference; lastKnownFileType = text.plist.strings; name = en; path = en.lproj/InfoPlist.strings; sourceTree = "<group>"; };
		49FF191E1969E55F00726484 /* main.m */ = {isa = PBXFileReference; lastKnownFileType = sourcecode.c.objc; path = main.m; sourceTree = "<group>"; };
		49FF19201969E55F00726484 /* Hau-Prefix.pch */ = {isa = PBXFileReference; lastKnownFileType = sourcecode.c.h; path = "Hau-Prefix.pch"; sourceTree = "<group>"; };
		49FF19211969E55F00726484 /* AppDelegate.h */ = {isa = PBXFileReference; lastKnownFileType = sourcecode.c.h; path = AppDelegate.h; sourceTree = "<group>"; };
		49FF19221969E55F00726484 /* AppDelegate.m */ = {isa = PBXFileReference; lastKnownFileType = sourcecode.c.objc; path = AppDelegate.m; sourceTree = "<group>"; };
		49FF19241969E55F00726484 /* Images.xcassets */ = {isa = PBXFileReference; lastKnownFileType = folder.assetcatalog; path = Images.xcassets; sourceTree = "<group>"; };
		49FF192A1969E55F00726484 /* HauTests.xctest */ = {isa = PBXFileReference; explicitFileType = wrapper.cfbundle; includeInIndex = 0; path = HauTests.xctest; sourceTree = BUILT_PRODUCTS_DIR; };
		49FF192B1969E55F00726484 /* XCTest.framework */ = {isa = PBXFileReference; lastKnownFileType = wrapper.framework; name = XCTest.framework; path = Library/Frameworks/XCTest.framework; sourceTree = DEVELOPER_DIR; };
		49FF19331969E55F00726484 /* HauTests-Info.plist */ = {isa = PBXFileReference; lastKnownFileType = text.plist.xml; path = "HauTests-Info.plist"; sourceTree = "<group>"; };
		49FF19351969E55F00726484 /* en */ = {isa = PBXFileReference; lastKnownFileType = text.plist.strings; name = en; path = en.lproj/InfoPlist.strings; sourceTree = "<group>"; };
		49FF19371969E55F00726484 /* HauTests.m */ = {isa = PBXFileReference; lastKnownFileType = sourcecode.c.objc; path = HauTests.m; sourceTree = "<group>"; };
		49FF19451969E5DF00726484 /* APIController.h */ = {isa = PBXFileReference; fileEncoding = 4; lastKnownFileType = sourcecode.c.h; path = APIController.h; sourceTree = "<group>"; };
		49FF19461969E5DF00726484 /* APIController.m */ = {isa = PBXFileReference; fileEncoding = 4; lastKnownFileType = sourcecode.c.objc; path = APIController.m; sourceTree = "<group>"; };
		49FF19481969E71300726484 /* RootVC.h */ = {isa = PBXFileReference; fileEncoding = 4; lastKnownFileType = sourcecode.c.h; path = RootVC.h; sourceTree = "<group>"; };
		49FF19491969E71300726484 /* RootVC.m */ = {isa = PBXFileReference; fileEncoding = 4; lastKnownFileType = sourcecode.c.objc; path = RootVC.m; sourceTree = "<group>"; };
		49FF194A1969E71300726484 /* RootVC.xib */ = {isa = PBXFileReference; fileEncoding = 4; lastKnownFileType = file.xib; path = RootVC.xib; sourceTree = "<group>"; };
		49FF194F1969E90900726484 /* hau-logo.png */ = {isa = PBXFileReference; lastKnownFileType = image.png; path = "hau-logo.png"; sourceTree = "<group>"; };
		49FF19511969E9F100726484 /* ArchiveC.h */ = {isa = PBXFileReference; fileEncoding = 4; lastKnownFileType = sourcecode.c.h; path = ArchiveC.h; sourceTree = "<group>"; };
		49FF19521969E9F100726484 /* ArchiveC.m */ = {isa = PBXFileReference; fileEncoding = 4; lastKnownFileType = sourcecode.c.objc; path = ArchiveC.m; sourceTree = "<group>"; };
		49FF19551969EA0F00726484 /* EGOCache.h */ = {isa = PBXFileReference; fileEncoding = 4; lastKnownFileType = sourcecode.c.h; path = EGOCache.h; sourceTree = "<group>"; };
		49FF19561969EA0F00726484 /* EGOCache.m */ = {isa = PBXFileReference; fileEncoding = 4; lastKnownFileType = sourcecode.c.objc; path = EGOCache.m; sourceTree = "<group>"; };
		49FF19621969EC2E00726484 /* TFHpple.h */ = {isa = PBXFileReference; fileEncoding = 4; lastKnownFileType = sourcecode.c.h; path = TFHpple.h; sourceTree = "<group>"; };
		49FF19631969EC2E00726484 /* TFHpple.m */ = {isa = PBXFileReference; fileEncoding = 4; lastKnownFileType = sourcecode.c.objc; path = TFHpple.m; sourceTree = "<group>"; };
		49FF19641969EC2E00726484 /* TFHppleElement.h */ = {isa = PBXFileReference; fileEncoding = 4; lastKnownFileType = sourcecode.c.h; path = TFHppleElement.h; sourceTree = "<group>"; };
		49FF19651969EC2E00726484 /* TFHppleElement.m */ = {isa = PBXFileReference; fileEncoding = 4; lastKnownFileType = sourcecode.c.objc; path = TFHppleElement.m; sourceTree = "<group>"; };
		49FF19661969EC2E00726484 /* XPathQuery.h */ = {isa = PBXFileReference; fileEncoding = 4; lastKnownFileType = sourcecode.c.h; path = XPathQuery.h; sourceTree = "<group>"; };
		49FF19671969EC2E00726484 /* XPathQuery.m */ = {isa = PBXFileReference; fileEncoding = 4; lastKnownFileType = sourcecode.c.objc; path = XPathQuery.m; sourceTree = "<group>"; };
		49FF196B1969ED2300726484 /* libxml2.dylib */ = {isa = PBXFileReference; lastKnownFileType = "compiled.mach-o.dylib"; name = libxml2.dylib; path = usr/lib/libxml2.dylib; sourceTree = SDKROOT; };
		49FF196D1969F1DD00726484 /* JournalVolume.h */ = {isa = PBXFileReference; fileEncoding = 4; lastKnownFileType = sourcecode.c.h; path = JournalVolume.h; sourceTree = "<group>"; };
		49FF196E1969F1DD00726484 /* JournalVolume.m */ = {isa = PBXFileReference; fileEncoding = 4; lastKnownFileType = sourcecode.c.objc; path = JournalVolume.m; sourceTree = "<group>"; };
		49FF19701969F98A00726484 /* VolumeIssue.h */ = {isa = PBXFileReference; fileEncoding = 4; lastKnownFileType = sourcecode.c.h; path = VolumeIssue.h; sourceTree = "<group>"; };
		49FF19711969F98A00726484 /* VolumeIssue.m */ = {isa = PBXFileReference; fileEncoding = 4; lastKnownFileType = sourcecode.c.objc; path = VolumeIssue.m; sourceTree = "<group>"; };
		49FF19731969FE7500726484 /* JSONBackedModel.h */ = {isa = PBXFileReference; fileEncoding = 4; lastKnownFileType = sourcecode.c.h; path = JSONBackedModel.h; sourceTree = "<group>"; };
		49FF19741969FE7500726484 /* JSONBackedModel.m */ = {isa = PBXFileReference; fileEncoding = 4; lastKnownFileType = sourcecode.c.objc; path = JSONBackedModel.m; sourceTree = "<group>"; };
		49FF1976196A048300726484 /* IssueTableOfContentsVC.h */ = {isa = PBXFileReference; fileEncoding = 4; lastKnownFileType = sourcecode.c.h; path = IssueTableOfContentsVC.h; sourceTree = "<group>"; };
		49FF1977196A048300726484 /* IssueTableOfContentsVC.m */ = {isa = PBXFileReference; fileEncoding = 4; lastKnownFileType = sourcecode.c.objc; path = IssueTableOfContentsVC.m; sourceTree = "<group>"; };
		49FF1978196A048300726484 /* IssueTableOfContentsVC.xib */ = {isa = PBXFileReference; fileEncoding = 4; lastKnownFileType = file.xib; path = IssueTableOfContentsVC.xib; sourceTree = "<group>"; };
		49FF197B196A059F00726484 /* IssuesListVC.h */ = {isa = PBXFileReference; fileEncoding = 4; lastKnownFileType = sourcecode.c.h; path = IssuesListVC.h; sourceTree = "<group>"; };
		49FF197C196A059F00726484 /* IssuesListVC.m */ = {isa = PBXFileReference; fileEncoding = 4; lastKnownFileType = sourcecode.c.objc; path = IssuesListVC.m; sourceTree = "<group>"; };
		49FF197D196A059F00726484 /* IssuesListVC.xib */ = {isa = PBXFileReference; fileEncoding = 4; lastKnownFileType = file.xib; path = IssuesListVC.xib; sourceTree = "<group>"; };
/* End PBXFileReference section */

/* Begin PBXFrameworksBuildPhase section */
		49FF190C1969E55F00726484 /* Frameworks */ = {
			isa = PBXFrameworksBuildPhase;
			buildActionMask = 2147483647;
			files = (
				49FF196C1969ED2300726484 /* libxml2.dylib in Frameworks */,
				49FF19151969E55F00726484 /* CoreGraphics.framework in Frameworks */,
				49FF19171969E55F00726484 /* UIKit.framework in Frameworks */,
				49FF19131969E55F00726484 /* Foundation.framework in Frameworks */,
			);
			runOnlyForDeploymentPostprocessing = 0;
		};
		49FF19271969E55F00726484 /* Frameworks */ = {
			isa = PBXFrameworksBuildPhase;
			buildActionMask = 2147483647;
			files = (
				49FF192C1969E55F00726484 /* XCTest.framework in Frameworks */,
				49FF192E1969E55F00726484 /* UIKit.framework in Frameworks */,
				49FF192D1969E55F00726484 /* Foundation.framework in Frameworks */,
			);
			runOnlyForDeploymentPostprocessing = 0;
		};
/* End PBXFrameworksBuildPhase section */

/* Begin PBXGroup section */
		49FF19061969E55F00726484 = {
			isa = PBXGroup;
			children = (
				49FF19181969E55F00726484 /* Hau */,
				49FF19311969E55F00726484 /* HauTests */,
				49FF19111969E55F00726484 /* Frameworks */,
				49FF19101969E55F00726484 /* Products */,
			);
			sourceTree = "<group>";
		};
		49FF19101969E55F00726484 /* Products */ = {
			isa = PBXGroup;
			children = (
				49FF190F1969E55F00726484 /* Hau.app */,
				49FF192A1969E55F00726484 /* HauTests.xctest */,
			);
			name = Products;
			sourceTree = "<group>";
		};
		49FF19111969E55F00726484 /* Frameworks */ = {
			isa = PBXGroup;
			children = (
				49FF196B1969ED2300726484 /* libxml2.dylib */,
				49FF19121969E55F00726484 /* Foundation.framework */,
				49FF19141969E55F00726484 /* CoreGraphics.framework */,
				49FF19161969E55F00726484 /* UIKit.framework */,
				49FF192B1969E55F00726484 /* XCTest.framework */,
			);
			name = Frameworks;
			sourceTree = "<group>";
		};
		49FF19181969E55F00726484 /* Hau */ = {
			isa = PBXGroup;
			children = (
				49FF194D1969E90900726484 /* assets */,
				49FF19441969E5A700726484 /* External */,
				49FF19431969E59500726484 /* API Controllers */,
				49FF19421969E58C00726484 /* Models */,
				49FF19411969E58100726484 /* Views and VCs */,
				49FF19191969E55F00726484 /* Supporting Files */,
				49FF19241969E55F00726484 /* Images.xcassets */,
				49FF19211969E55F00726484 /* AppDelegate.h */,
				49FF19221969E55F00726484 /* AppDelegate.m */,
			);
			path = Hau;
			sourceTree = "<group>";
		};
		49FF19191969E55F00726484 /* Supporting Files */ = {
			isa = PBXGroup;
			children = (
				49FF191A1969E55F00726484 /* Hau-Info.plist */,
				49FF191B1969E55F00726484 /* InfoPlist.strings */,
				49FF191E1969E55F00726484 /* main.m */,
				49FF19201969E55F00726484 /* Hau-Prefix.pch */,
			);
			name = "Supporting Files";
			sourceTree = "<group>";
		};
		49FF19311969E55F00726484 /* HauTests */ = {
			isa = PBXGroup;
			children = (
				49FF19371969E55F00726484 /* HauTests.m */,
				49FF19321969E55F00726484 /* Supporting Files */,
			);
			path = HauTests;
			sourceTree = "<group>";
		};
		49FF19321969E55F00726484 /* Supporting Files */ = {
			isa = PBXGroup;
			children = (
				49FF19331969E55F00726484 /* HauTests-Info.plist */,
				49FF19341969E55F00726484 /* InfoPlist.strings */,
			);
			name = "Supporting Files";
			sourceTree = "<group>";
		};
		49FF19411969E58100726484 /* Views and VCs */ = {
			isa = PBXGroup;
			children = (
				49FF19481969E71300726484 /* RootVC.h */,
				49FF19491969E71300726484 /* RootVC.m */,
				49FF194A1969E71300726484 /* RootVC.xib */,
				49FF1976196A048300726484 /* IssueTableOfContentsVC.h */,
				49FF1977196A048300726484 /* IssueTableOfContentsVC.m */,
				49FF1978196A048300726484 /* IssueTableOfContentsVC.xib */,
				49FF197B196A059F00726484 /* IssuesListVC.h */,
				49FF197C196A059F00726484 /* IssuesListVC.m */,
				49FF197D196A059F00726484 /* IssuesListVC.xib */,
			);
			name = "Views and VCs";
			sourceTree = "<group>";
		};
		49FF19421969E58C00726484 /* Models */ = {
			isa = PBXGroup;
			children = (
				49FF19731969FE7500726484 /* JSONBackedModel.h */,
				49FF19741969FE7500726484 /* JSONBackedModel.m */,
				49FF196D1969F1DD00726484 /* JournalVolume.h */,
				49FF196E1969F1DD00726484 /* JournalVolume.m */,
				49FF19701969F98A00726484 /* VolumeIssue.h */,
				49FF19711969F98A00726484 /* VolumeIssue.m */,
			);
			name = Models;
			sourceTree = "<group>";
		};
		49FF19431969E59500726484 /* API Controllers */ = {
			isa = PBXGroup;
			children = (
				49FF19451969E5DF00726484 /* APIController.h */,
				49FF19461969E5DF00726484 /* APIController.m */,
				49FF19511969E9F100726484 /* ArchiveC.h */,
				49FF19521969E9F100726484 /* ArchiveC.m */,
			);
			name = "API Controllers";
			sourceTree = "<group>";
		};
		49FF19441969E5A700726484 /* External */ = {
			isa = PBXGroup;
			children = (
				49FF19611969EC2D00726484 /* Hpple */,
				49FF19541969EA0F00726484 /* EGOCache */,
			);
			name = External;
			sourceTree = "<group>";
		};
		49FF194D1969E90900726484 /* assets */ = {
			isa = PBXGroup;
			children = (
				49FF194E1969E90900726484 /* hau */,
			);
			path = assets;
			sourceTree = "<group>";
		};
		49FF194E1969E90900726484 /* hau */ = {
			isa = PBXGroup;
			children = (
				49FF194F1969E90900726484 /* hau-logo.png */,
			);
			path = hau;
			sourceTree = "<group>";
		};
		49FF19541969EA0F00726484 /* EGOCache */ = {
			isa = PBXGroup;
			children = (
				49FF19551969EA0F00726484 /* EGOCache.h */,
				49FF19561969EA0F00726484 /* EGOCache.m */,
			);
			path = EGOCache;
			sourceTree = "<group>";
		};
		49FF19611969EC2D00726484 /* Hpple */ = {
			isa = PBXGroup;
			children = (
				49FF19621969EC2E00726484 /* TFHpple.h */,
				49FF19631969EC2E00726484 /* TFHpple.m */,
				49FF19641969EC2E00726484 /* TFHppleElement.h */,
				49FF19651969EC2E00726484 /* TFHppleElement.m */,
				49FF19661969EC2E00726484 /* XPathQuery.h */,
				49FF19671969EC2E00726484 /* XPathQuery.m */,
			);
			path = Hpple;
			sourceTree = "<group>";
		};
/* End PBXGroup section */

/* Begin PBXNativeTarget section */
		49FF190E1969E55F00726484 /* Hau */ = {
			isa = PBXNativeTarget;
			buildConfigurationList = 49FF193B1969E55F00726484 /* Build configuration list for PBXNativeTarget "Hau" */;
			buildPhases = (
				49FF190B1969E55F00726484 /* Sources */,
				49FF190C1969E55F00726484 /* Frameworks */,
				49FF190D1969E55F00726484 /* Resources */,
			);
			buildRules = (
			);
			dependencies = (
			);
			name = Hau;
			productName = Hau;
			productReference = 49FF190F1969E55F00726484 /* Hau.app */;
			productType = "com.apple.product-type.application";
		};
		49FF19291969E55F00726484 /* HauTests */ = {
			isa = PBXNativeTarget;
			buildConfigurationList = 49FF193E1969E55F00726484 /* Build configuration list for PBXNativeTarget "HauTests" */;
			buildPhases = (
				49FF19261969E55F00726484 /* Sources */,
				49FF19271969E55F00726484 /* Frameworks */,
				49FF19281969E55F00726484 /* Resources */,
			);
			buildRules = (
			);
			dependencies = (
				49FF19301969E55F00726484 /* PBXTargetDependency */,
			);
			name = HauTests;
			productName = HauTests;
			productReference = 49FF192A1969E55F00726484 /* HauTests.xctest */;
			productType = "com.apple.product-type.bundle.unit-test";
		};
/* End PBXNativeTarget section */

/* Begin PBXProject section */
		49FF19071969E55F00726484 /* Project object */ = {
			isa = PBXProject;
			attributes = {
				LastUpgradeCheck = 0510;
				ORGANIZATIONNAME = "___FULLUSERNAME___";
				TargetAttributes = {
					49FF19291969E55F00726484 = {
						TestTargetID = 49FF190E1969E55F00726484;
					};
				};
			};
			buildConfigurationList = 49FF190A1969E55F00726484 /* Build configuration list for PBXProject "Hau" */;
			compatibilityVersion = "Xcode 3.2";
			developmentRegion = English;
			hasScannedForEncodings = 0;
			knownRegions = (
				en,
			);
			mainGroup = 49FF19061969E55F00726484;
			productRefGroup = 49FF19101969E55F00726484 /* Products */;
			projectDirPath = "";
			projectRoot = "";
			targets = (
				49FF190E1969E55F00726484 /* Hau */,
				49FF19291969E55F00726484 /* HauTests */,
			);
		};
/* End PBXProject section */

/* Begin PBXResourcesBuildPhase section */
		49FF190D1969E55F00726484 /* Resources */ = {
			isa = PBXResourcesBuildPhase;
			buildActionMask = 2147483647;
			files = (
				49FF191D1969E55F00726484 /* InfoPlist.strings in Resources */,
				49FF197A196A048300726484 /* IssueTableOfContentsVC.xib in Resources */,
				49FF19251969E55F00726484 /* Images.xcassets in Resources */,
				49FF194C1969E71300726484 /* RootVC.xib in Resources */,
				49FF197F196A059F00726484 /* IssuesListVC.xib in Resources */,
				49FF19501969E90900726484 /* hau-logo.png in Resources */,
			);
			runOnlyForDeploymentPostprocessing = 0;
		};
		49FF19281969E55F00726484 /* Resources */ = {
			isa = PBXResourcesBuildPhase;
			buildActionMask = 2147483647;
			files = (
				49FF19361969E55F00726484 /* InfoPlist.strings in Resources */,
			);
			runOnlyForDeploymentPostprocessing = 0;
		};
/* End PBXResourcesBuildPhase section */

/* Begin PBXSourcesBuildPhase section */
		49FF190B1969E55F00726484 /* Sources */ = {
			isa = PBXSourcesBuildPhase;
			buildActionMask = 2147483647;
			files = (
				49FF19691969EC2E00726484 /* TFHppleElement.m in Sources */,
				49FF19751969FE7500726484 /* JSONBackedModel.m in Sources */,
				49FF197E196A059F00726484 /* IssuesListVC.m in Sources */,
				49FF19531969E9F100726484 /* ArchiveC.m in Sources */,
				49FF194B1969E71300726484 /* RootVC.m in Sources */,
				49FF19721969F98A00726484 /* VolumeIssue.m in Sources */,
				49FF19571969EA0F00726484 /* EGOCache.m in Sources */,
				49FF196A1969EC2E00726484 /* XPathQuery.m in Sources */,
				49FF19681969EC2E00726484 /* TFHpple.m in Sources */,
				49FF19471969E5DF00726484 /* APIController.m in Sources */,
				49FF196F1969F1DD00726484 /* JournalVolume.m in Sources */,
				49FF1979196A048300726484 /* IssueTableOfContentsVC.m in Sources */,
				49FF19231969E55F00726484 /* AppDelegate.m in Sources */,
				49FF191F1969E55F00726484 /* main.m in Sources */,
			);
			runOnlyForDeploymentPostprocessing = 0;
		};
		49FF19261969E55F00726484 /* Sources */ = {
			isa = PBXSourcesBuildPhase;
			buildActionMask = 2147483647;
			files = (
				49FF19381969E55F00726484 /* HauTests.m in Sources */,
			);
			runOnlyForDeploymentPostprocessing = 0;
		};
/* End PBXSourcesBuildPhase section */

/* Begin PBXTargetDependency section */
		49FF19301969E55F00726484 /* PBXTargetDependency */ = {
			isa = PBXTargetDependency;
			target = 49FF190E1969E55F00726484 /* Hau */;
			targetProxy = 49FF192F1969E55F00726484 /* PBXContainerItemProxy */;
		};
/* End PBXTargetDependency section */

/* Begin PBXVariantGroup section */
		49FF191B1969E55F00726484 /* InfoPlist.strings */ = {
			isa = PBXVariantGroup;
			children = (
				49FF191C1969E55F00726484 /* en */,
			);
			name = InfoPlist.strings;
			sourceTree = "<group>";
		};
		49FF19341969E55F00726484 /* InfoPlist.strings */ = {
			isa = PBXVariantGroup;
			children = (
				49FF19351969E55F00726484 /* en */,
			);
			name = InfoPlist.strings;
			sourceTree = "<group>";
		};
/* End PBXVariantGroup section */

/* Begin XCBuildConfiguration section */
		49FF19391969E55F00726484 /* Debug */ = {
			isa = XCBuildConfiguration;
			buildSettings = {
				ALWAYS_SEARCH_USER_PATHS = NO;
				CLANG_CXX_LANGUAGE_STANDARD = "gnu++0x";
				CLANG_CXX_LIBRARY = "libc++";
				CLANG_ENABLE_MODULES = YES;
				CLANG_ENABLE_OBJC_ARC = YES;
				CLANG_WARN_BOOL_CONVERSION = YES;
				CLANG_WARN_CONSTANT_CONVERSION = YES;
				CLANG_WARN_DIRECT_OBJC_ISA_USAGE = YES_ERROR;
				CLANG_WARN_EMPTY_BODY = YES;
				CLANG_WARN_ENUM_CONVERSION = YES;
				CLANG_WARN_INT_CONVERSION = YES;
				CLANG_WARN_OBJC_ROOT_CLASS = YES_ERROR;
				CLANG_WARN__DUPLICATE_METHOD_MATCH = YES;
				"CODE_SIGN_IDENTITY[sdk=iphoneos*]" = "iPhone Developer";
				COPY_PHASE_STRIP = NO;
				GCC_C_LANGUAGE_STANDARD = gnu99;
				GCC_DYNAMIC_NO_PIC = NO;
				GCC_OPTIMIZATION_LEVEL = 0;
				GCC_PREPROCESSOR_DEFINITIONS = (
					"DEBUG=1",
					"$(inherited)",
				);
				GCC_SYMBOLS_PRIVATE_EXTERN = NO;
				GCC_WARN_64_TO_32_BIT_CONVERSION = YES;
				GCC_WARN_ABOUT_RETURN_TYPE = YES_ERROR;
				GCC_WARN_UNDECLARED_SELECTOR = YES;
				GCC_WARN_UNINITIALIZED_AUTOS = YES_AGGRESSIVE;
				GCC_WARN_UNUSED_FUNCTION = YES;
				GCC_WARN_UNUSED_VARIABLE = YES;
				IPHONEOS_DEPLOYMENT_TARGET = 7.1;
				ONLY_ACTIVE_ARCH = YES;
				SDKROOT = iphoneos;
				TARGETED_DEVICE_FAMILY = "1,2";
			};
			name = Debug;
		};
		49FF193A1969E55F00726484 /* Release */ = {
			isa = XCBuildConfiguration;
			buildSettings = {
				ALWAYS_SEARCH_USER_PATHS = NO;
				CLANG_CXX_LANGUAGE_STANDARD = "gnu++0x";
				CLANG_CXX_LIBRARY = "libc++";
				CLANG_ENABLE_MODULES = YES;
				CLANG_ENABLE_OBJC_ARC = YES;
				CLANG_WARN_BOOL_CONVERSION = YES;
				CLANG_WARN_CONSTANT_CONVERSION = YES;
				CLANG_WARN_DIRECT_OBJC_ISA_USAGE = YES_ERROR;
				CLANG_WARN_EMPTY_BODY = YES;
				CLANG_WARN_ENUM_CONVERSION = YES;
				CLANG_WARN_INT_CONVERSION = YES;
				CLANG_WARN_OBJC_ROOT_CLASS = YES_ERROR;
				CLANG_WARN__DUPLICATE_METHOD_MATCH = YES;
				"CODE_SIGN_IDENTITY[sdk=iphoneos*]" = "iPhone Developer";
				COPY_PHASE_STRIP = YES;
				ENABLE_NS_ASSERTIONS = NO;
				GCC_C_LANGUAGE_STANDARD = gnu99;
				GCC_WARN_64_TO_32_BIT_CONVERSION = YES;
				GCC_WARN_ABOUT_RETURN_TYPE = YES_ERROR;
				GCC_WARN_UNDECLARED_SELECTOR = YES;
				GCC_WARN_UNINITIALIZED_AUTOS = YES_AGGRESSIVE;
				GCC_WARN_UNUSED_FUNCTION = YES;
				GCC_WARN_UNUSED_VARIABLE = YES;
				IPHONEOS_DEPLOYMENT_TARGET = 7.1;
				SDKROOT = iphoneos;
				TARGETED_DEVICE_FAMILY = "1,2";
				VALIDATE_PRODUCT = YES;
			};
			name = Release;
		};
		49FF193C1969E55F00726484 /* Debug */ = {
			isa = XCBuildConfiguration;
			buildSettings = {
				ASSETCATALOG_COMPILER_APPICON_NAME = AppIcon;
				ASSETCATALOG_COMPILER_LAUNCHIMAGE_NAME = LaunchImage;
				GCC_PRECOMPILE_PREFIX_HEADER = YES;
				GCC_PREFIX_HEADER = "Hau/Hau-Prefix.pch";
				HEADER_SEARCH_PATHS = (
					"$(inherited)",
					/Applications/Xcode.app/Contents/Developer/Toolchains/XcodeDefault.xctoolchain/usr/include,
					"$(SDKROOT)/usr/include/libxml2",
				);
				INFOPLIST_FILE = "Hau/Hau-Info.plist";
				PRODUCT_NAME = "$(TARGET_NAME)";
				WRAPPER_EXTENSION = app;
			};
			name = Debug;
		};
		49FF193D1969E55F00726484 /* Release */ = {
			isa = XCBuildConfiguration;
			buildSettings = {
				ASSETCATALOG_COMPILER_APPICON_NAME = AppIcon;
				ASSETCATALOG_COMPILER_LAUNCHIMAGE_NAME = LaunchImage;
				GCC_PRECOMPILE_PREFIX_HEADER = YES;
				GCC_PREFIX_HEADER = "Hau/Hau-Prefix.pch";
				HEADER_SEARCH_PATHS = (
					"$(inherited)",
					/Applications/Xcode.app/Contents/Developer/Toolchains/XcodeDefault.xctoolchain/usr/include,
					"$(SDKROOT)/usr/include/libxml2",
				);
				INFOPLIST_FILE = "Hau/Hau-Info.plist";
				PRODUCT_NAME = "$(TARGET_NAME)";
				WRAPPER_EXTENSION = app;
			};
			name = Release;
		};
		49FF193F1969E55F00726484 /* Debug */ = {
			isa = XCBuildConfiguration;
			buildSettings = {
				BUNDLE_LOADER = "$(BUILT_PRODUCTS_DIR)/Hau.app/Hau";
				FRAMEWORK_SEARCH_PATHS = (
					"$(SDKROOT)/Developer/Library/Frameworks",
					"$(inherited)",
					"$(DEVELOPER_FRAMEWORKS_DIR)",
				);
				GCC_PRECOMPILE_PREFIX_HEADER = YES;
				GCC_PREFIX_HEADER = "Hau/Hau-Prefix.pch";
				GCC_PREPROCESSOR_DEFINITIONS = (
					"DEBUG=1",
					"$(inherited)",
				);
				INFOPLIST_FILE = "HauTests/HauTests-Info.plist";
				PRODUCT_NAME = "$(TARGET_NAME)";
				TEST_HOST = "$(BUNDLE_LOADER)";
				WRAPPER_EXTENSION = xctest;
			};
			name = Debug;
		};
		49FF19401969E55F00726484 /* Release */ = {
			isa = XCBuildConfiguration;
			buildSettings = {
				BUNDLE_LOADER = "$(BUILT_PRODUCTS_DIR)/Hau.app/Hau";
				FRAMEWORK_SEARCH_PATHS = (
					"$(SDKROOT)/Developer/Library/Frameworks",
					"$(inherited)",
					"$(DEVELOPER_FRAMEWORKS_DIR)",
				);
				GCC_PRECOMPILE_PREFIX_HEADER = YES;
				GCC_PREFIX_HEADER = "Hau/Hau-Prefix.pch";
				INFOPLIST_FILE = "HauTests/HauTests-Info.plist";
				PRODUCT_NAME = "$(TARGET_NAME)";
				TEST_HOST = "$(BUNDLE_LOADER)";
				WRAPPER_EXTENSION = xctest;
			};
			name = Release;
		};
/* End XCBuildConfiguration section */

/* Begin XCConfigurationList section */
		49FF190A1969E55F00726484 /* Build configuration list for PBXProject "Hau" */ = {
			isa = XCConfigurationList;
			buildConfigurations = (
				49FF19391969E55F00726484 /* Debug */,
				49FF193A1969E55F00726484 /* Release */,
			);
			defaultConfigurationIsVisible = 0;
			defaultConfigurationName = Release;
		};
		49FF193B1969E55F00726484 /* Build configuration list for PBXNativeTarget "Hau" */ = {
			isa = XCConfigurationList;
			buildConfigurations = (
				49FF193C1969E55F00726484 /* Debug */,
				49FF193D1969E55F00726484 /* Release */,
			);
			defaultConfigurationIsVisible = 0;
		};
		49FF193E1969E55F00726484 /* Build configuration list for PBXNativeTarget "HauTests" */ = {
			isa = XCConfigurationList;
			buildConfigurations = (
				49FF193F1969E55F00726484 /* Debug */,
				49FF19401969E55F00726484 /* Release */,
			);
			defaultConfigurationIsVisible = 0;
		};
/* End XCConfigurationList section */
	};
	rootObject = 49FF19071969E55F00726484 /* Project object */;
}
